// !$*UTF8*$!
{
	archiveVersion = 1;
	classes = {
	};
	objectVersion = 46;
	objects = {

/* Begin PBXBuildFile section */
		C222DB111BC3A5340022833B /* main.m in Sources */ = {isa = PBXBuildFile; fileRef = C222DB101BC3A5340022833B /* main.m */; };
		C222DB141BC3A5340022833B /* AppDelegate.m in Sources */ = {isa = PBXBuildFile; fileRef = C222DB131BC3A5340022833B /* AppDelegate.m */; };
		C222DB161BC3A5340022833B /* Images.xcassets in Resources */ = {isa = PBXBuildFile; fileRef = C222DB151BC3A5340022833B /* Images.xcassets */; };
		C222DB191BC3A5340022833B /* LaunchScreen.xib in Resources */ = {isa = PBXBuildFile; fileRef = C222DB171BC3A5340022833B /* LaunchScreen.xib */; };
		C222DB251BC3A5340022833B /* ShwanTests.m in Sources */ = {isa = PBXBuildFile; fileRef = C222DB241BC3A5340022833B /* ShwanTests.m */; };
/* End PBXBuildFile section */

/* Begin PBXContainerItemProxy section */
		C222DB1F1BC3A5340022833B /* PBXContainerItemProxy */ = {
			isa = PBXContainerItemProxy;
			containerPortal = C222DB031BC3A5340022833B /* Project object */;
			proxyType = 1;
			remoteGlobalIDString = C222DB0A1BC3A5340022833B;
			remoteInfo = Shwan;
		};
/* End PBXContainerItemProxy section */

/* Begin PBXFileReference section */
		C222DB0B1BC3A5340022833B /* Shwan.app */ = {isa = PBXFileReference; explicitFileType = wrapper.application; includeInIndex = 0; path = Shwan.app; sourceTree = BUILT_PRODUCTS_DIR; };
		C222DB0F1BC3A5340022833B /* Info.plist */ = {isa = PBXFileReference; lastKnownFileType = text.plist.xml; path = Info.plist; sourceTree = "<group>"; };
		C222DB101BC3A5340022833B /* main.m */ = {isa = PBXFileReference; lastKnownFileType = sourcecode.c.objc; path = main.m; sourceTree = "<group>"; };
		C222DB121BC3A5340022833B /* AppDelegate.h */ = {isa = PBXFileReference; lastKnownFileType = sourcecode.c.h; path = AppDelegate.h; sourceTree = "<group>"; };
		C222DB131BC3A5340022833B /* AppDelegate.m */ = {isa = PBXFileReference; lastKnownFileType = sourcecode.c.objc; path = AppDelegate.m; sourceTree = "<group>"; };
		C222DB151BC3A5340022833B /* Images.xcassets */ = {isa = PBXFileReference; lastKnownFileType = folder.assetcatalog; path = Images.xcassets; sourceTree = "<group>"; };
		C222DB181BC3A5340022833B /* Base */ = {isa = PBXFileReference; lastKnownFileType = file.xib; name = Base; path = Base.lproj/LaunchScreen.xib; sourceTree = "<group>"; };
		C222DB1E1BC3A5340022833B /* ShwanTests.xctest */ = {isa = PBXFileReference; explicitFileType = wrapper.cfbundle; includeInIndex = 0; path = ShwanTests.xctest; sourceTree = BUILT_PRODUCTS_DIR; };
		C222DB231BC3A5340022833B /* Info.plist */ = {isa = PBXFileReference; lastKnownFileType = text.plist.xml; path = Info.plist; sourceTree = "<group>"; };
		C222DB241BC3A5340022833B /* ShwanTests.m */ = {isa = PBXFileReference; lastKnownFileType = sourcecode.c.objc; path = ShwanTests.m; sourceTree = "<group>"; };
/* End PBXFileReference section */

/* Begin PBXFrameworksBuildPhase section */
		C222DB081BC3A5340022833B /* Frameworks */ = {
			isa = PBXFrameworksBuildPhase;
			buildActionMask = 2147483647;
			files = (
			);
			runOnlyForDeploymentPostprocessing = 0;
		};
		C222DB1B1BC3A5340022833B /* Frameworks */ = {
			isa = PBXFrameworksBuildPhase;
			buildActionMask = 2147483647;
			files = (
			);
			runOnlyForDeploymentPostprocessing = 0;
		};
/* End PBXFrameworksBuildPhase section */

/* Begin PBXGroup section */
		C222DB021BC3A5340022833B = {
			isa = PBXGroup;
			children = (
				C222DB0D1BC3A5340022833B /* Shwan */,
				C222DB211BC3A5340022833B /* ShwanTests */,
				C222DB0C1BC3A5340022833B /* Products */,
			);
			sourceTree = "<group>";
		};
		C222DB0C1BC3A5340022833B /* Products */ = {
			isa = PBXGroup;
			children = (
				C222DB0B1BC3A5340022833B /* Shwan.app */,
				C222DB1E1BC3A5340022833B /* ShwanTests.xctest */,
			);
			name = Products;
			sourceTree = "<group>";
		};
		C222DB0D1BC3A5340022833B /* Shwan */ = {
			isa = PBXGroup;
			children = (
				C222DB121BC3A5340022833B /* AppDelegate.h */,
				C222DB131BC3A5340022833B /* AppDelegate.m */,
				C222DB151BC3A5340022833B /* Images.xcassets */,
				C222DB171BC3A5340022833B /* LaunchScreen.xib */,
				C222DB0E1BC3A5340022833B /* Supporting Files */,
			);
			path = Shwan;
			sourceTree = "<group>";
		};
		C222DB0E1BC3A5340022833B /* Supporting Files */ = {
			isa = PBXGroup;
			children = (
				C222DB0F1BC3A5340022833B /* Info.plist */,
				C222DB101BC3A5340022833B /* main.m */,
			);
			name = "Supporting Files";
			sourceTree = "<group>";
		};
		C222DB211BC3A5340022833B /* ShwanTests */ = {
			isa = PBXGroup;
			children = (
				C222DB241BC3A5340022833B /* ShwanTests.m */,
				C222DB221BC3A5340022833B /* Supporting Files */,
			);
			path = ShwanTests;
			sourceTree = "<group>";
		};
		C222DB221BC3A5340022833B /* Supporting Files */ = {
			isa = PBXGroup;
			children = (
				C222DB231BC3A5340022833B /* Info.plist */,
			);
			name = "Supporting Files";
			sourceTree = "<group>";
		};
/* End PBXGroup section */

/* Begin PBXNativeTarget section */
		C222DB0A1BC3A5340022833B /* Shwan */ = {
			isa = PBXNativeTarget;
			buildConfigurationList = C222DB281BC3A5340022833B /* Build configuration list for PBXNativeTarget "Shwan" */;
			buildPhases = (
				C222DB071BC3A5340022833B /* Sources */,
				C222DB081BC3A5340022833B /* Frameworks */,
				C222DB091BC3A5340022833B /* Resources */,
			);
			buildRules = (
			);
			dependencies = (
			);
			name = Shwan;
			productName = Shwan;
			productReference = C222DB0B1BC3A5340022833B /* Shwan.app */;
			productType = "com.apple.product-type.application";
		};
		C222DB1D1BC3A5340022833B /* ShwanTests */ = {
			isa = PBXNativeTarget;
			buildConfigurationList = C222DB2B1BC3A5340022833B /* Build configuration list for PBXNativeTarget "ShwanTests" */;
			buildPhases = (
				C222DB1A1BC3A5340022833B /* Sources */,
				C222DB1B1BC3A5340022833B /* Frameworks */,
				C222DB1C1BC3A5340022833B /* Resources */,
			);
			buildRules = (
			);
			dependencies = (
				C222DB201BC3A5340022833B /* PBXTargetDependency */,
			);
			name = ShwanTests;
			productName = ShwanTests;
			productReference = C222DB1E1BC3A5340022833B /* ShwanTests.xctest */;
			productType = "com.apple.product-type.bundle.unit-test";
		};
/* End PBXNativeTarget section */

/* Begin PBXProject section */
		C222DB031BC3A5340022833B /* Project object */ = {
			isa = PBXProject;
			attributes = {
				LastUpgradeCheck = 0630;
				ORGANIZATIONNAME = Shwan;
				TargetAttributes = {
					C222DB0A1BC3A5340022833B = {
						CreatedOnToolsVersion = 6.3.2;
					};
					C222DB1D1BC3A5340022833B = {
						CreatedOnToolsVersion = 6.3.2;
						TestTargetID = C222DB0A1BC3A5340022833B;
					};
				};
			};
			buildConfigurationList = C222DB061BC3A5340022833B /* Build configuration list for PBXProject "Shwan" */;
			compatibilityVersion = "Xcode 3.2";
			developmentRegion = English;
			hasScannedForEncodings = 0;
			knownRegions = (
				en,
				Base,
			);
			mainGroup = C222DB021BC3A5340022833B;
			productRefGroup = C222DB0C1BC3A5340022833B /* Products */;
			projectDirPath = "";
			projectRoot = "";
			targets = (
				C222DB0A1BC3A5340022833B /* Shwan */,
				C222DB1D1BC3A5340022833B /* ShwanTests */,
			);
		};
/* End PBXProject section */

/* Begin PBXResourcesBuildPhase section */
		C222DB091BC3A5340022833B /* Resources */ = {
			isa = PBXResourcesBuildPhase;
			buildActionMask = 2147483647;
			files = (
				C222DB191BC3A5340022833B /* LaunchScreen.xib in Resources */,
				C222DB161BC3A5340022833B /* Images.xcassets in Resources */,
			);
			runOnlyForDeploymentPostprocessing = 0;
		};
		C222DB1C1BC3A5340022833B /* Resources */ = {
			isa = PBXResourcesBuildPhase;
			buildActionMask = 2147483647;
			files = (
			);
			runOnlyForDeploymentPostprocessing = 0;
		};
/* End PBXResourcesBuildPhase section */

/* Begin PBXSourcesBuildPhase section */
		C222DB071BC3A5340022833B /* Sources */ = {
			isa = PBXSourcesBuildPhase;
			buildActionMask = 2147483647;
			files = (
				C222DB141BC3A5340022833B /* AppDelegate.m in Sources */,
				C222DB111BC3A5340022833B /* main.m in Sources */,
			);
			runOnlyForDeploymentPostprocessing = 0;
		};
		C222DB1A1BC3A5340022833B /* Sources */ = {
			isa = PBXSourcesBuildPhase;
			buildActionMask = 2147483647;
			files = (
				C222DB251BC3A5340022833B /* ShwanTests.m in Sources */,
			);
			runOnlyForDeploymentPostprocessing = 0;
		};
/* End PBXSourcesBuildPhase section */

/* Begin PBXTargetDependency section */
		C222DB201BC3A5340022833B /* PBXTargetDependency */ = {
			isa = PBXTargetDependency;
			target = C222DB0A1BC3A5340022833B /* Shwan */;
			targetProxy = C222DB1F1BC3A5340022833B /* PBXContainerItemProxy */;
		};
/* End PBXTargetDependency section */

/* Begin PBXVariantGroup section */
		C222DB171BC3A5340022833B /* LaunchScreen.xib */ = {
			isa = PBXVariantGroup;
			children = (
				C222DB181BC3A5340022833B /* Base */,
			);
			name = LaunchScreen.xib;
			sourceTree = "<group>";
		};
/* End PBXVariantGroup section */

/* Begin XCBuildConfiguration section */
		C222DB261BC3A5340022833B /* Debug */ = {
			isa = XCBuildConfiguration;
			buildSettings = {
				ALWAYS_SEARCH_USER_PATHS = NO;
				CLANG_CXX_LANGUAGE_STANDARD = "gnu++0x";
				CLANG_CXX_LIBRARY = "libc++";
				CLANG_ENABLE_MODULES = YES;
				CLANG_ENABLE_OBJC_ARC = YES;
				CLANG_WARN_BOOL_CONVERSION = YES;
				CLANG_WARN_CONSTANT_CONVERSION = YES;
				CLANG_WARN_DIRECT_OBJC_ISA_USAGE = YES_ERROR;
				CLANG_WARN_EMPTY_BODY = YES;
				CLANG_WARN_ENUM_CONVERSION = YES;
				CLANG_WARN_INT_CONVERSION = YES;
				CLANG_WARN_OBJC_ROOT_CLASS = YES_ERROR;
				CLANG_WARN_UNREACHABLE_CODE = YES;
				CLANG_WARN__DUPLICATE_METHOD_MATCH = YES;
				"CODE_SIGN_IDENTITY[sdk=iphoneos*]" = "iPhone Developer";
				COPY_PHASE_STRIP = NO;
				DEBUG_INFORMATION_FORMAT = "dwarf-with-dsym";
				ENABLE_STRICT_OBJC_MSGSEND = YES;
				GCC_C_LANGUAGE_STANDARD = gnu99;
				GCC_DYNAMIC_NO_PIC = NO;
				GCC_NO_COMMON_BLOCKS = YES;
				GCC_OPTIMIZATION_LEVEL = 0;
				GCC_PREPROCESSOR_DEFINITIONS = (
					"DEBUG=1",
					"$(inherited)",
				);
				GCC_SYMBOLS_PRIVATE_EXTERN = NO;
				GCC_WARN_64_TO_32_BIT_CONVERSION = YES;
				GCC_WARN_ABOUT_RETURN_TYPE = YES_ERROR;
				GCC_WARN_UNDECLARED_SELECTOR = YES;
				GCC_WARN_UNINITIALIZED_AUTOS = YES_AGGRESSIVE;
				GCC_WARN_UNUSED_FUNCTION = YES;
				GCC_WARN_UNUSED_VARIABLE = YES;
				IPHONEOS_DEPLOYMENT_TARGET = 8.3;
				MTL_ENABLE_DEBUG_INFO = YES;
				ONLY_ACTIVE_ARCH = YES;
				SDKROOT = iphoneos;
				TARGETED_DEVICE_FAMILY = "1,2";
			};
			name = Debug;
		};
		C222DB271BC3A5340022833B /* Release */ = {
			isa = XCBuildConfiguration;
			buildSettings = {
				ALWAYS_SEARCH_USER_PATHS = NO;
				CLANG_CXX_LANGUAGE_STANDARD = "gnu++0x";
				CLANG_CXX_LIBRARY = "libc++";
				CLANG_ENABLE_MODULES = YES;
				CLANG_ENABLE_OBJC_ARC = YES;
				CLANG_WARN_BOOL_CONVERSION = YES;
				CLANG_WARN_CONSTANT_CONVERSION = YES;
				CLANG_WARN_DIRECT_OBJC_ISA_USAGE = YES_ERROR;
				CLANG_WARN_EMPTY_BODY = YES;
				CLANG_WARN_ENUM_CONVERSION = YES;
				CLANG_WARN_INT_CONVERSION = YES;
				CLANG_WARN_OBJC_ROOT_CLASS = YES_ERROR;
				CLANG_WARN_UNREACHABLE_CODE = YES;
				CLANG_WARN__DUPLICATE_METHOD_MATCH = YES;
				"CODE_SIGN_IDENTITY[sdk=iphoneos*]" = "iPhone Developer";
				COPY_PHASE_STRIP = NO;
				DEBUG_INFORMATION_FORMAT = "dwarf-with-dsym";
				ENABLE_NS_ASSERTIONS = NO;
				ENABLE_STRICT_OBJC_MSGSEND = YES;
				GCC_C_LANGUAGE_STANDARD = gnu99;
				GCC_NO_COMMON_BLOCKS = YES;
				GCC_WARN_64_TO_32_BIT_CONVERSION = YES;
				GCC_WARN_ABOUT_RETURN_TYPE = YES_ERROR;
				GCC_WARN_UNDECLARED_SELECTOR = YES;
				GCC_WARN_UNINITIALIZED_AUTOS = YES_AGGRESSIVE;
				GCC_WARN_UNUSED_FUNCTION = YES;
				GCC_WARN_UNUSED_VARIABLE = YES;
				IPHONEOS_DEPLOYMENT_TARGET = 8.3;
				MTL_ENABLE_DEBUG_INFO = NO;
				SDKROOT = iphoneos;
				TARGETED_DEVICE_FAMILY = "1,2";
				VALIDATE_PRODUCT = YES;
			};
			name = Release;
		};
		C222DB291BC3A5340022833B /* Debug */ = {
			isa = XCBuildConfiguration;
			buildSettings = {
				ASSETCATALOG_COMPILER_APPICON_NAME = AppIcon;
				INFOPLIST_FILE = Shwan/Info.plist;
				LD_RUNPATH_SEARCH_PATHS = "$(inherited) @executable_path/Frameworks";
				PRODUCT_NAME = "$(TARGET_NAME)";
			};
			name = Debug;
		};
		C222DB2A1BC3A5340022833B /* Release */ = {
			isa = XCBuildConfiguration;
			buildSettings = {
				ASSETCATALOG_COMPILER_APPICON_NAME = AppIcon;
				INFOPLIST_FILE = Shwan/Info.plist;
				LD_RUNPATH_SEARCH_PATHS = "$(inherited) @executable_path/Frameworks";
				PRODUCT_NAME = "$(TARGET_NAME)";
			};
			name = Release;
		};
		C222DB2C1BC3A5340022833B /* Debug */ = {
			isa = XCBuildConfiguration;
			buildSettings = {
				BUNDLE_LOADER = "$(TEST_HOST)";
				FRAMEWORK_SEARCH_PATHS = (
					"$(SDKROOT)/Developer/Library/Frameworks",
					"$(inherited)",
				);
				GCC_PREPROCESSOR_DEFINITIONS = (
					"DEBUG=1",
					"$(inherited)",
				);
				INFOPLIST_FILE = ShwanTests/Info.plist;
				LD_RUNPATH_SEARCH_PATHS = "$(inherited) @executable_path/Frameworks @loader_path/Frameworks";
				PRODUCT_NAME = "$(TARGET_NAME)";
				TEST_HOST = "$(BUILT_PRODUCTS_DIR)/Shwan.app/Shwan";
			};
			name = Debug;
		};
		C222DB2D1BC3A5340022833B /* Release */ = {
			isa = XCBuildConfiguration;
			buildSettings = {
				BUNDLE_LOADER = "$(TEST_HOST)";
				FRAMEWORK_SEARCH_PATHS = (
					"$(SDKROOT)/Developer/Library/Frameworks",
					"$(inherited)",
				);
				INFOPLIST_FILE = ShwanTests/Info.plist;
				LD_RUNPATH_SEARCH_PATHS = "$(inherited) @executable_path/Frameworks @loader_path/Frameworks";
				PRODUCT_NAME = "$(TARGET_NAME)";
				TEST_HOST = "$(BUILT_PRODUCTS_DIR)/Shwan.app/Shwan";
			};
			name = Release;
		};
/* End XCBuildConfiguration section */

/* Begin XCConfigurationList section */
		C222DB061BC3A5340022833B /* Build configuration list for PBXProject "Shwan" */ = {
			isa = XCConfigurationList;
			buildConfigurations = (
				C222DB261BC3A5340022833B /* Debug */,
				C222DB271BC3A5340022833B /* Release */,
			);
			defaultConfigurationIsVisible = 0;
			defaultConfigurationName = Release;
		};
		C222DB281BC3A5340022833B /* Build configuration list for PBXNativeTarget "Shwan" */ = {
			isa = XCConfigurationList;
			buildConfigurations = (
				C222DB291BC3A5340022833B /* Debug */,
				C222DB2A1BC3A5340022833B /* Release */,
			);
			defaultConfigurationIsVisible = 0;
		};
		C222DB2B1BC3A5340022833B /* Build configuration list for PBXNativeTarget "ShwanTests" */ = {
			isa = XCConfigurationList;
			buildConfigurations = (
				C222DB2C1BC3A5340022833B /* Debug */,
				C222DB2D1BC3A5340022833B /* Release */,
			);
			defaultConfigurationIsVisible = 0;
		};
/* End XCConfigurationList section */
	};
	rootObject = C222DB031BC3A5340022833B /* Project object */;
}
